
Microsoft Visual Studio Solution File, Format Version 12.00
# Visual Studio 14
VisualStudioVersion = 14.0.25420.1
MinimumVisualStudioVersion = 10.0.40219.1
Project("{FAE04EC0-301F-11D3-BF4B-00C04F79EFBC}") = "Admin", "Admin\Admin.csproj", "{F3765D82-36BB-4D82-90E3-0CFD48F2CE5E}"
EndProject
Global
	GlobalSection(SolutionConfigurationPlatforms) = preSolution
		Debug|Any CPU = Debug|Any CPU
		Release|Any CPU = Release|Any CPU
	EndGlobalSection
	GlobalSection(ProjectConfigurationPlatforms) = postSolution
		{F3765D82-36BB-4D82-90E3-0CFD48F2CE5E}.Debug|Any CPU.ActiveCfg = Debug|Any CPU
		{F3765D82-36BB-4D82-90E3-0CFD48F2CE5E}.Debug|Any CPU.Build.0 = Debug|Any CPU
		{F3765D82-36BB-4D82-90E3-0CFD48F2CE5E}.Release|Any CPU.ActiveCfg = Release|Any CPU
		{F3765D82-36BB-4D82-90E3-0CFD48F2CE5E}.Release|Any CPU.Build.0 = Release|Any CPU
	EndGlobalSection
	GlobalSection(SolutionProperties) = preSolution
		HideSolutionNode = FALSE
	EndGlobalSection
	GlobalSection(CodealikeProperties) = postSolution
		SolutionGuid = aedd2aa1-d08b-4874-9838-7e3ade027b8b
	EndGlobalSection
EndGlobal
